
Microsoft Visual Studio Solution File, Format Version 12.00
# Visual Studio Version 16
VisualStudioVersion = 16.0.31702.278
MinimumVisualStudioVersion = 10.0.40219.1
Project("{FAE04EC0-301F-11D3-BF4B-00C04F79EFBC}") = "Ex1", "Ex1\Ex1.csproj", "{B0B39E6E-95CD-419B-8E1F-94422C5AB75C}"
EndProject
Global
	GlobalSection(SolutionConfigurationPlatforms) = preSolution
		Debug|Any CPU = Debug|Any CPU
		Release|Any CPU = Release|Any CPU
	EndGlobalSection
	GlobalSection(ProjectConfigurationPlatforms) = postSolution
		{B0B39E6E-95CD-419B-8E1F-94422C5AB75C}.Debug|Any CPU.ActiveCfg = Debug|Any CPU
		{B0B39E6E-95CD-419B-8E1F-94422C5AB75C}.Debug|Any CPU.Build.0 = Debug|Any CPU
		{B0B39E6E-95CD-419B-8E1F-94422C5AB75C}.Release|Any CPU.ActiveCfg = Release|Any CPU
		{B0B39E6E-95CD-419B-8E1F-94422C5AB75C}.Release|Any CPU.Build.0 = Release|Any CPU
	EndGlobalSection
	GlobalSection(SolutionProperties) = preSolution
		HideSolutionNode = FALSE
	EndGlobalSection
	GlobalSection(ExtensibilityGlobals) = postSolution
		SolutionGuid = {6F14F2B4-C71E-42CB-978A-8D06EAA670F7}
	EndGlobalSection
EndGlobal
